
Microsoft Visual Studio Solution File, Format Version 12.00
# Visual Studio 15
VisualStudioVersion = 15.0.27703.2018
MinimumVisualStudioVersion = 10.0.40219.1
Project("{9A19103F-16F7-4668-BE54-9A1E7A4F7556}") = "JavaVirtualMachine", "JavaVirtualMachine\JavaVirtualMachine.csproj", "{2BEF574E-7519-499E-B4BD-9D67D8DD8A84}"
EndProject
Project("{FAE04EC0-301F-11D3-BF4B-00C04F79EFBC}") = "JVMUnitTests", "JVMUnitTests\JVMUnitTests.csproj", "{C0D845B1-CF5A-4CC4-84DA-74CF2FDD101F}"
EndProject
Global
	GlobalSection(SolutionConfigurationPlatforms) = preSolution
		Debug|Any CPU = Debug|Any CPU
		Release|Any CPU = Release|Any CPU
	EndGlobalSection
	GlobalSection(ProjectConfigurationPlatforms) = postSolution
		{2BEF574E-7519-499E-B4BD-9D67D8DD8A84}.Debug|Any CPU.ActiveCfg = Debug|Any CPU
		{2BEF574E-7519-499E-B4BD-9D67D8DD8A84}.Debug|Any CPU.Build.0 = Debug|Any CPU
		{2BEF574E-7519-499E-B4BD-9D67D8DD8A84}.Release|Any CPU.ActiveCfg = Release|Any CPU
		{2BEF574E-7519-499E-B4BD-9D67D8DD8A84}.Release|Any CPU.Build.0 = Release|Any CPU
		{C0D845B1-CF5A-4CC4-84DA-74CF2FDD101F}.Debug|Any CPU.ActiveCfg = Debug|Any CPU
		{C0D845B1-CF5A-4CC4-84DA-74CF2FDD101F}.Debug|Any CPU.Build.0 = Debug|Any CPU
		{C0D845B1-CF5A-4CC4-84DA-74CF2FDD101F}.Release|Any CPU.ActiveCfg = Release|Any CPU
		{C0D845B1-CF5A-4CC4-84DA-74CF2FDD101F}.Release|Any CPU.Build.0 = Release|Any CPU
	EndGlobalSection
	GlobalSection(SolutionProperties) = preSolution
		HideSolutionNode = FALSE
	EndGlobalSection
	GlobalSection(ExtensibilityGlobals) = postSolution
		SolutionGuid = {FF919908-37F3-4395-B4A0-DC76009B0804}
	EndGlobalSection
EndGlobal
